
Microsoft Visual Studio Solution File, Format Version 12.00
# Visual Studio Version 17
VisualStudioVersion = 17.2.32602.215
MinimumVisualStudioVersion = 10.0.40219.1
Project("{FAE04EC0-301F-11D3-BF4B-00C04F79EFBC}") = "rps4", "rps4.csproj", "{7C039AC2-41C2-4C25-A9E1-B6EF5CD32029}"
EndProject
Global
	GlobalSection(SolutionConfigurationPlatforms) = preSolution
		Debug|Any CPU = Debug|Any CPU
		Release|Any CPU = Release|Any CPU
	EndGlobalSection
	GlobalSection(ProjectConfigurationPlatforms) = postSolution
		{7C039AC2-41C2-4C25-A9E1-B6EF5CD32029}.Debug|Any CPU.ActiveCfg = Debug|Any CPU
		{7C039AC2-41C2-4C25-A9E1-B6EF5CD32029}.Debug|Any CPU.Build.0 = Debug|Any CPU
		{7C039AC2-41C2-4C25-A9E1-B6EF5CD32029}.Release|Any CPU.ActiveCfg = Release|Any CPU
		{7C039AC2-41C2-4C25-A9E1-B6EF5CD32029}.Release|Any CPU.Build.0 = Release|Any CPU
	EndGlobalSection
	GlobalSection(SolutionProperties) = preSolution
		HideSolutionNode = FALSE
	EndGlobalSection
	GlobalSection(ExtensibilityGlobals) = postSolution
		SolutionGuid = {C553F6F6-AE7D-46B9-BE34-1F532633A3A8}
	EndGlobalSection
EndGlobal
