
Microsoft Visual Studio Solution File, Format Version 12.00
# Visual Studio Version 17
VisualStudioVersion = 17.2.32602.215
MinimumVisualStudioVersion = 10.0.40219.1
Project("{9A19103F-16F7-4668-BE54-9A1E7A4F7556}") = "DataBaseWithXML", "DataBaseWithXML.csproj", "{8C91A4DA-ACA9-40D5-AA50-933A83BE5B00}"
EndProject
Project("{2150E333-8FDC-42A3-9474-1A3956D46DE8}") = "Элементы решения", "Элементы решения", "{80D5CA75-011A-458E-9330-4B18416D7886}"
EndProject
Global
	GlobalSection(SolutionConfigurationPlatforms) = preSolution
		Debug|Any CPU = Debug|Any CPU
		Release|Any CPU = Release|Any CPU
	EndGlobalSection
	GlobalSection(ProjectConfigurationPlatforms) = postSolution
		{8C91A4DA-ACA9-40D5-AA50-933A83BE5B00}.Debug|Any CPU.ActiveCfg = Debug|Any CPU
		{8C91A4DA-ACA9-40D5-AA50-933A83BE5B00}.Debug|Any CPU.Build.0 = Debug|Any CPU
		{8C91A4DA-ACA9-40D5-AA50-933A83BE5B00}.Release|Any CPU.ActiveCfg = Release|Any CPU
		{8C91A4DA-ACA9-40D5-AA50-933A83BE5B00}.Release|Any CPU.Build.0 = Release|Any CPU
	EndGlobalSection
	GlobalSection(SolutionProperties) = preSolution
		HideSolutionNode = FALSE
	EndGlobalSection
	GlobalSection(ExtensibilityGlobals) = postSolution
		SolutionGuid = {2350246A-2242-4086-9B5D-85150118AC9C}
	EndGlobalSection
EndGlobal
